# This file is automatically @generated by Poetry 1.8.2 and should not be changed by hand.

[[package]]
name = "pycairo"
version = "1.26.0"
description = "Python interface for cairo"
optional = false
python-versions = ">=3.8"
files = [
    {file = "pycairo-1.26.0-cp310-cp310-win32.whl", hash = "sha256:696ba8024d2827e66e088a6e05a3b0aea30d289476bcb2ca47c9670d40900a50"},
    {file = "pycairo-1.26.0-cp310-cp310-win_amd64.whl", hash = "sha256:b6690a00fb225c19f42d76660e676aba7ae7cb18f3632cb02bce7f0d9b9c3800"},
    {file = "pycairo-1.26.0-cp310-cp310-win_arm64.whl", hash = "sha256:1d54e28170a5e790269d9db4c195cca5152ff018ba7e330d0ed05d86ccc2ea7d"},
    {file = "pycairo-1.26.0-cp311-cp311-win32.whl", hash = "sha256:5986b8da3e7de7ab931d7ad527938df38f75d3a3bdea2b515c786c5ca2c5093c"},
    {file = "pycairo-1.26.0-cp311-cp311-win_amd64.whl", hash = "sha256:d374d9ec6d2f791bf57105d87a9028db1ef2b687848f64a524e447033eae7229"},
    {file = "pycairo-1.26.0-cp311-cp311-win_arm64.whl", hash = "sha256:20a31af89d92ffd5fc60c08e65ff649f16e18621a14a40dbdb049fc74942d7a9"},
    {file = "pycairo-1.26.0-cp312-cp312-win32.whl", hash = "sha256:d63929ab5a2f890a333f2f2f51de9f1c9fe20d1bddc982c2ca577b737448d72f"},
    {file = "pycairo-1.26.0-cp312-cp312-win_amd64.whl", hash = "sha256:8616408ae93de4824a3777ec532ea75643e4bf74e49d601062c0b1788180c962"},
    {file = "pycairo-1.26.0-cp312-cp312-win_arm64.whl", hash = "sha256:a611e4d82ad8470138bb46d465d47e8db826d9d80b6a520ccd83ee007f2073e4"},
    {file = "pycairo-1.26.0-cp38-cp38-win32.whl", hash = "sha256:675578bc6d62d15ff8669f264783efc9c8c73e3a6f564b294a70fb45a2f78667"},
    {file = "pycairo-1.26.0-cp38-cp38-win_amd64.whl", hash = "sha256:aac447b423b33b64119ecdd1ffebf9163b07f5401c5da50c707197efdd1c918a"},
    {file = "pycairo-1.26.0-cp39-cp39-win32.whl", hash = "sha256:9fa51168010e2dfb45499df071fca2d921893f724646f3454951000a7ad0cabb"},
    {file = "pycairo-1.26.0-cp39-cp39-win_amd64.whl", hash = "sha256:3e4e18ea03122e60abe3eb611e2849859cc950083ff85d8369328eadf3df63f5"},
    {file = "pycairo-1.26.0-cp39-cp39-win_arm64.whl", hash = "sha256:a8f3b567ba2ad55624a809823ccf75aff8d768c20216cb5888365f6fc695c1d2"},
    {file = "pycairo-1.26.0.tar.gz", hash = "sha256:2dddd0a874fbddb21e14acd9b955881ee1dc6e63b9c549a192d613a907f9cbeb"},
]

[[package]]
name = "pygobject"
version = "3.48.1"
description = "Python bindings for GObject Introspection"
optional = false
python-versions = "<4,>=3.8"
files = [
    {file = "pygobject-3.48.1.tar.gz", hash = "sha256:2c4cd7c805ee9e727904172423a7519338017fd7e122b62218ac211627436875"},
]

[package.dependencies]
pycairo = ">=1.16"

[package.extras]
dev = ["flake8", "pytest", "pytest-cov"]
docs = ["sphinx (>=4.0,<5.0)", "sphinx-rtd-theme (>=0.5,<2.0)"]

[[package]]
name = "pygobject-stubs"
version = "2.10.0"
description = "Typing stubs for PyGObject"
optional = false
python-versions = ">=3.7"
files = [
    {file = "PyGObject-stubs-2.10.0.tar.gz", hash = "sha256:c1842f9bbb91873520376087008c829b060dad1b0ee5aa5b905f0d13ee79fe20"},
]

[package.extras]
dev = ["PyGObject", "black", "codespell", "isort", "pre-commit", "ruff"]

[[package]]
name = "pystyle"
version = "2.9"
description = "by billythegoat356, loTus01 and BlueRed"
optional = false
python-versions = "*"
files = [
    {file = "pystyle-2.9-py3-none-any.whl", hash = "sha256:7eeac89d7caedcf12aad8341c5f0dcbd21ce0df4d22e7caf5c7998e23d73eb39"},
    {file = "pystyle-2.9.tar.gz", hash = "sha256:5c8a19ccea18ee71e3cad29f7f3668bcdb6e2aea4da9e3b77906dec3c24d0f35"},
]

[metadata]
lock-version = "2.0"
python-versions = "^3.9"
content-hash = "426bd0b77521b7d6f3814de317672b954f217415b0c0969d01f13adab3e9ea2d"
